// !$*UTF8*$!
{
	archiveVersion = 1;
	classes = {
	};
	objectVersion = 56;
	objects = {

/* Begin PBXBuildFile section */
		3446C0CF2D4D3EF100DECA0D /* Sounds.swift in Sources */ = {isa = PBXBuildFile; fileRef = 3446C0CE2D4D3EF100DECA0D /* Sounds.swift */; };
		346880B62D514DDF00C4D171 /* TimeManager.swift in Sources */ = {isa = PBXBuildFile; fileRef = 346880B52D514DDA00C4D171 /* TimeManager.swift */; };
		346880B82D514DFC00C4D171 /* TimerView.swift in Sources */ = {isa = PBXBuildFile; fileRef = 346880B72D514DF600C4D171 /* TimerView.swift */; };
		346880BA2D5154B200C4D171 /* setTimerSheet.swift in Sources */ = {isa = PBXBuildFile; fileRef = 346880B92D5154AE00C4D171 /* setTimerSheet.swift */; };
		34E038402D4D5A8500C8DBF9 /* pink-noise.mp3 in Resources */ = {isa = PBXBuildFile; fileRef = 34E0383E2D4D5A8500C8DBF9 /* pink-noise.mp3 */; };
		34E038412D4D5A8500C8DBF9 /* brown-noise.mp3 in Resources */ = {isa = PBXBuildFile; fileRef = 34E0383D2D4D5A8500C8DBF9 /* brown-noise.mp3 */; };
		34E038442D4D696600C8DBF9 /* SoundManager.swift in Sources */ = {isa = PBXBuildFile; fileRef = 34E038432D4D695300C8DBF9 /* SoundManager.swift */; };
		34E038462D4D6FC500C8DBF9 /* scrollTest.swift in Sources */ = {isa = PBXBuildFile; fileRef = 34E038452D4D6FC000C8DBF9 /* scrollTest.swift */; };
		34E038482D4D76FE00C8DBF9 /* white-noise.mp3 in Resources */ = {isa = PBXBuildFile; fileRef = 34E038472D4D76FE00C8DBF9 /* white-noise.mp3 */; };
		BB46516F2BCD807A0059AE63 /* ImageCarouselApp.swift in Sources */ = {isa = PBXBuildFile; fileRef = BB46516E2BCD807A0059AE63 /* ImageCarouselApp.swift */; };
		BB4651732BCD807B0059AE63 /* Assets.xcassets in Resources */ = {isa = PBXBuildFile; fileRef = BB4651722BCD807B0059AE63 /* Assets.xcassets */; };
		BB4651762BCD807B0059AE63 /* Preview Assets.xcassets in Resources */ = {isa = PBXBuildFile; fileRef = BB4651752BCD807B0059AE63 /* Preview Assets.xcassets */; };
		BB4651832BCD80900059AE63 /* Store.swift in Sources */ = {isa = PBXBuildFile; fileRef = BB46517C2BCD80900059AE63 /* Store.swift */; };
		BB4651862BCD80900059AE63 /* SampleImage.swift in Sources */ = {isa = PBXBuildFile; fileRef = BB46517F2BCD80900059AE63 /* SampleImage.swift */; };
		BB4651882BCD80900059AE63 /* ScrollViewCarouselView.swift in Sources */ = {isa = PBXBuildFile; fileRef = BB4651812BCD80900059AE63 /* ScrollViewCarouselView.swift */; };
		BBF6AC152BCDFBAB0003F336 /* StartTab.swift in Sources */ = {isa = PBXBuildFile; fileRef = BBF6AC142BCDFBAB0003F336 /* StartTab.swift */; };
		BBF6AC172BCE16B00003F336 /* Launch Screen.storyboard in Resources */ = {isa = PBXBuildFile; fileRef = BBF6AC162BCE16B00003F336 /* Launch Screen.storyboard */; };
/* End PBXBuildFile section */

/* Begin PBXFileReference section */
		3446C0CE2D4D3EF100DECA0D /* Sounds.swift */ = {isa = PBXFileReference; lastKnownFileType = sourcecode.swift; path = Sounds.swift; sourceTree = "<group>"; };
		346880B52D514DDA00C4D171 /* TimeManager.swift */ = {isa = PBXFileReference; lastKnownFileType = sourcecode.swift; path = TimeManager.swift; sourceTree = "<group>"; };
		346880B72D514DF600C4D171 /* TimerView.swift */ = {isa = PBXFileReference; lastKnownFileType = sourcecode.swift; path = TimerView.swift; sourceTree = "<group>"; };
		346880B92D5154AE00C4D171 /* setTimerSheet.swift */ = {isa = PBXFileReference; lastKnownFileType = sourcecode.swift; path = setTimerSheet.swift; sourceTree = "<group>"; };
		34E0383D2D4D5A8500C8DBF9 /* brown-noise.mp3 */ = {isa = PBXFileReference; lastKnownFileType = audio.mp3; path = "brown-noise.mp3"; sourceTree = "<group>"; };
		34E0383E2D4D5A8500C8DBF9 /* pink-noise.mp3 */ = {isa = PBXFileReference; lastKnownFileType = audio.mp3; path = "pink-noise.mp3"; sourceTree = "<group>"; };
		34E038432D4D695300C8DBF9 /* SoundManager.swift */ = {isa = PBXFileReference; lastKnownFileType = sourcecode.swift; path = SoundManager.swift; sourceTree = "<group>"; };
		34E038452D4D6FC000C8DBF9 /* scrollTest.swift */ = {isa = PBXFileReference; lastKnownFileType = sourcecode.swift; path = scrollTest.swift; sourceTree = "<group>"; };
		34E038472D4D76FE00C8DBF9 /* white-noise.mp3 */ = {isa = PBXFileReference; lastKnownFileType = audio.mp3; path = "white-noise.mp3"; sourceTree = "<group>"; };
		BB46516B2BCD807A0059AE63 /* ImageCarousel.app */ = {isa = PBXFileReference; explicitFileType = wrapper.application; includeInIndex = 0; path = ImageCarousel.app; sourceTree = BUILT_PRODUCTS_DIR; };
		BB46516E2BCD807A0059AE63 /* ImageCarouselApp.swift */ = {isa = PBXFileReference; lastKnownFileType = sourcecode.swift; path = ImageCarouselApp.swift; sourceTree = "<group>"; };
		BB4651722BCD807B0059AE63 /* Assets.xcassets */ = {isa = PBXFileReference; lastKnownFileType = folder.assetcatalog; path = Assets.xcassets; sourceTree = "<group>"; };
		BB4651752BCD807B0059AE63 /* Preview Assets.xcassets */ = {isa = PBXFileReference; lastKnownFileType = folder.assetcatalog; path = "Preview Assets.xcassets"; sourceTree = "<group>"; };
		BB46517C2BCD80900059AE63 /* Store.swift */ = {isa = PBXFileReference; fileEncoding = 4; lastKnownFileType = sourcecode.swift; path = Store.swift; sourceTree = "<group>"; };
		BB46517F2BCD80900059AE63 /* SampleImage.swift */ = {isa = PBXFileReference; fileEncoding = 4; lastKnownFileType = sourcecode.swift; path = SampleImage.swift; sourceTree = "<group>"; };
		BB4651812BCD80900059AE63 /* ScrollViewCarouselView.swift */ = {isa = PBXFileReference; fileEncoding = 4; lastKnownFileType = sourcecode.swift; path = ScrollViewCarouselView.swift; sourceTree = "<group>"; };
		BBF6AC142BCDFBAB0003F336 /* StartTab.swift */ = {isa = PBXFileReference; lastKnownFileType = sourcecode.swift; path = StartTab.swift; sourceTree = "<group>"; };
		BBF6AC162BCE16B00003F336 /* Launch Screen.storyboard */ = {isa = PBXFileReference; lastKnownFileType = file.storyboard; path = "Launch Screen.storyboard"; sourceTree = "<group>"; };
/* End PBXFileReference section */

/* Begin PBXFrameworksBuildPhase section */
		BB4651682BCD807A0059AE63 /* Frameworks */ = {
			isa = PBXFrameworksBuildPhase;
			buildActionMask = 2147483647;
			files = (
			);
			runOnlyForDeploymentPostprocessing = 0;
		};
/* End PBXFrameworksBuildPhase section */

/* Begin PBXGroup section */
		34E0383C2D4D5A6E00C8DBF9 /* Sounds */ = {
			isa = PBXGroup;
			children = (
				34E0383D2D4D5A8500C8DBF9 /* brown-noise.mp3 */,
				34E038472D4D76FE00C8DBF9 /* white-noise.mp3 */,
				34E0383E2D4D5A8500C8DBF9 /* pink-noise.mp3 */,
			);
			path = Sounds;
			sourceTree = "<group>";
		};
		BB4651622BCD807A0059AE63 = {
			isa = PBXGroup;
			children = (
				BB46516D2BCD807A0059AE63 /* ImageCarousel */,
				BB46516C2BCD807A0059AE63 /* Products */,
			);
			sourceTree = "<group>";
		};
		BB46516C2BCD807A0059AE63 /* Products */ = {
			isa = PBXGroup;
			children = (
				BB46516B2BCD807A0059AE63 /* ImageCarousel.app */,
			);
			name = Products;
			sourceTree = "<group>";
		};
		BB46516D2BCD807A0059AE63 /* ImageCarousel */ = {
			isa = PBXGroup;
			children = (
				BB46516E2BCD807A0059AE63 /* ImageCarouselApp.swift */,
				BBF6AC142BCDFBAB0003F336 /* StartTab.swift */,
				BBCE03D12BCD81FF006E4103 /* Views */,
				BB46517F2BCD80900059AE63 /* SampleImage.swift */,
				BB46517C2BCD80900059AE63 /* Store.swift */,
				34E038432D4D695300C8DBF9 /* SoundManager.swift */,
				346880B52D514DDA00C4D171 /* TimeManager.swift */,
				BB4651722BCD807B0059AE63 /* Assets.xcassets */,
				BBF6AC162BCE16B00003F336 /* Launch Screen.storyboard */,
				BB4651742BCD807B0059AE63 /* Preview Content */,
			);
			path = ImageCarousel;
			sourceTree = "<group>";
		};
		BB4651742BCD807B0059AE63 /* Preview Content */ = {
			isa = PBXGroup;
			children = (
				34E0383C2D4D5A6E00C8DBF9 /* Sounds */,
				BB4651752BCD807B0059AE63 /* Preview Assets.xcassets */,
			);
			path = "Preview Content";
			sourceTree = "<group>";
		};
		BBCE03D12BCD81FF006E4103 /* Views */ = {
			isa = PBXGroup;
			children = (
				BB4651812BCD80900059AE63 /* ScrollViewCarouselView.swift */,
				346880B92D5154AE00C4D171 /* setTimerSheet.swift */,
				346880B72D514DF600C4D171 /* TimerView.swift */,
				34E038452D4D6FC000C8DBF9 /* scrollTest.swift */,
				3446C0CE2D4D3EF100DECA0D /* Sounds.swift */,
			);
			path = Views;
			sourceTree = "<group>";
		};
/* End PBXGroup section */

/* Begin PBXNativeTarget section */
		BB46516A2BCD807A0059AE63 /* ImageCarousel */ = {
			isa = PBXNativeTarget;
			buildConfigurationList = BB4651792BCD807B0059AE63 /* Build configuration list for PBXNativeTarget "ImageCarousel" */;
			buildPhases = (
				BB4651672BCD807A0059AE63 /* Sources */,
				BB4651682BCD807A0059AE63 /* Frameworks */,
				BB4651692BCD807A0059AE63 /* Resources */,
			);
			buildRules = (
			);
			dependencies = (
			);
			name = ImageCarousel;
			productName = ImageCarousel;
			productReference = BB46516B2BCD807A0059AE63 /* ImageCarousel.app */;
			productType = "com.apple.product-type.application";
		};
/* End PBXNativeTarget section */

/* Begin PBXProject section */
		BB4651632BCD807A0059AE63 /* Project object */ = {
			isa = PBXProject;
			attributes = {
				BuildIndependentTargetsInParallel = 1;
				LastSwiftUpdateCheck = 1530;
				LastUpgradeCheck = 1530;
				TargetAttributes = {
					BB46516A2BCD807A0059AE63 = {
						CreatedOnToolsVersion = 15.3;
					};
				};
			};
			buildConfigurationList = BB4651662BCD807A0059AE63 /* Build configuration list for PBXProject "ImageCarousel" */;
			compatibilityVersion = "Xcode 14.0";
			developmentRegion = en;
			hasScannedForEncodings = 0;
			knownRegions = (
				en,
				Base,
			);
			mainGroup = BB4651622BCD807A0059AE63;
			productRefGroup = BB46516C2BCD807A0059AE63 /* Products */;
			projectDirPath = "";
			projectRoot = "";
			targets = (
				BB46516A2BCD807A0059AE63 /* ImageCarousel */,
			);
		};
/* End PBXProject section */

/* Begin PBXResourcesBuildPhase section */
		BB4651692BCD807A0059AE63 /* Resources */ = {
			isa = PBXResourcesBuildPhase;
			buildActionMask = 2147483647;
			files = (
				BBF6AC172BCE16B00003F336 /* Launch Screen.storyboard in Resources */,
				BB4651762BCD807B0059AE63 /* Preview Assets.xcassets in Resources */,
				34E038402D4D5A8500C8DBF9 /* pink-noise.mp3 in Resources */,
				34E038482D4D76FE00C8DBF9 /* white-noise.mp3 in Resources */,
				34E038412D4D5A8500C8DBF9 /* brown-noise.mp3 in Resources */,
				BB4651732BCD807B0059AE63 /* Assets.xcassets in Resources */,
			);
			runOnlyForDeploymentPostprocessing = 0;
		};
/* End PBXResourcesBuildPhase section */

/* Begin PBXSourcesBuildPhase section */
		BB4651672BCD807A0059AE63 /* Sources */ = {
			isa = PBXSourcesBuildPhase;
			buildActionMask = 2147483647;
			files = (
				346880B82D514DFC00C4D171 /* TimerView.swift in Sources */,
				BB4651832BCD80900059AE63 /* Store.swift in Sources */,
				BB4651862BCD80900059AE63 /* SampleImage.swift in Sources */,
				34E038462D4D6FC500C8DBF9 /* scrollTest.swift in Sources */,
				346880BA2D5154B200C4D171 /* setTimerSheet.swift in Sources */,
				BB4651882BCD80900059AE63 /* ScrollViewCarouselView.swift in Sources */,
				3446C0CF2D4D3EF100DECA0D /* Sounds.swift in Sources */,
				346880B62D514DDF00C4D171 /* TimeManager.swift in Sources */,
				BBF6AC152BCDFBAB0003F336 /* StartTab.swift in Sources */,
				34E038442D4D696600C8DBF9 /* SoundManager.swift in Sources */,
				BB46516F2BCD807A0059AE63 /* ImageCarouselApp.swift in Sources */,
			);
			runOnlyForDeploymentPostprocessing = 0;
		};
/* End PBXSourcesBuildPhase section */

/* Begin XCBuildConfiguration section */
		BB4651772BCD807B0059AE63 /* Debug */ = {
			isa = XCBuildConfiguration;
			buildSettings = {
				ALWAYS_SEARCH_USER_PATHS = NO;
				ASSETCATALOG_COMPILER_GENERATE_SWIFT_ASSET_SYMBOL_EXTENSIONS = YES;
				CLANG_ANALYZER_NONNULL = YES;
				CLANG_ANALYZER_NUMBER_OBJECT_CONVERSION = YES_AGGRESSIVE;
				CLANG_CXX_LANGUAGE_STANDARD = "gnu++20";
				CLANG_ENABLE_MODULES = YES;
				CLANG_ENABLE_OBJC_ARC = YES;
				CLANG_ENABLE_OBJC_WEAK = YES;
				CLANG_WARN_BLOCK_CAPTURE_AUTORELEASING = YES;
				CLANG_WARN_BOOL_CONVERSION = YES;
				CLANG_WARN_COMMA = YES;
				CLANG_WARN_CONSTANT_CONVERSION = YES;
				CLANG_WARN_DEPRECATED_OBJC_IMPLEMENTATIONS = YES;
				CLANG_WARN_DIRECT_OBJC_ISA_USAGE = YES_ERROR;
				CLANG_WARN_DOCUMENTATION_COMMENTS = YES;
				CLANG_WARN_EMPTY_BODY = YES;
				CLANG_WARN_ENUM_CONVERSION = YES;
				CLANG_WARN_INFINITE_RECURSION = YES;
				CLANG_WARN_INT_CONVERSION = YES;
				CLANG_WARN_NON_LITERAL_NULL_CONVERSION = YES;
				CLANG_WARN_OBJC_IMPLICIT_RETAIN_SELF = YES;
				CLANG_WARN_OBJC_LITERAL_CONVERSION = YES;
				CLANG_WARN_OBJC_ROOT_CLASS = YES_ERROR;
				CLANG_WARN_QUOTED_INCLUDE_IN_FRAMEWORK_HEADER = YES;
				CLANG_WARN_RANGE_LOOP_ANALYSIS = YES;
				CLANG_WARN_STRICT_PROTOTYPES = YES;
				CLANG_WARN_SUSPICIOUS_MOVE = YES;
				CLANG_WARN_UNGUARDED_AVAILABILITY = YES_AGGRESSIVE;
				CLANG_WARN_UNREACHABLE_CODE = YES;
				CLANG_WARN__DUPLICATE_METHOD_MATCH = YES;
				COPY_PHASE_STRIP = NO;
				DEBUG_INFORMATION_FORMAT = dwarf;
				ENABLE_STRICT_OBJC_MSGSEND = YES;
				ENABLE_TESTABILITY = YES;
				ENABLE_USER_SCRIPT_SANDBOXING = YES;
				GCC_C_LANGUAGE_STANDARD = gnu17;
				GCC_DYNAMIC_NO_PIC = NO;
				GCC_NO_COMMON_BLOCKS = YES;
				GCC_OPTIMIZATION_LEVEL = 0;
				GCC_PREPROCESSOR_DEFINITIONS = (
					"DEBUG=1",
					"$(inherited)",
				);
				GCC_WARN_64_TO_32_BIT_CONVERSION = YES;
				GCC_WARN_ABOUT_RETURN_TYPE = YES_ERROR;
				GCC_WARN_UNDECLARED_SELECTOR = YES;
				GCC_WARN_UNINITIALIZED_AUTOS = YES_AGGRESSIVE;
				GCC_WARN_UNUSED_FUNCTION = YES;
				GCC_WARN_UNUSED_VARIABLE = YES;
				IPHONEOS_DEPLOYMENT_TARGET = 17.4;
				LOCALIZATION_PREFERS_STRING_CATALOGS = YES;
				MTL_ENABLE_DEBUG_INFO = INCLUDE_SOURCE;
				MTL_FAST_MATH = YES;
				ONLY_ACTIVE_ARCH = YES;
				SDKROOT = iphoneos;
				SWIFT_ACTIVE_COMPILATION_CONDITIONS = "DEBUG $(inherited)";
				SWIFT_OPTIMIZATION_LEVEL = "-Onone";
			};
			name = Debug;
		};
		BB4651782BCD807B0059AE63 /* Release */ = {
			isa = XCBuildConfiguration;
			buildSettings = {
				ALWAYS_SEARCH_USER_PATHS = NO;
				ASSETCATALOG_COMPILER_GENERATE_SWIFT_ASSET_SYMBOL_EXTENSIONS = YES;
				CLANG_ANALYZER_NONNULL = YES;
				CLANG_ANALYZER_NUMBER_OBJECT_CONVERSION = YES_AGGRESSIVE;
				CLANG_CXX_LANGUAGE_STANDARD = "gnu++20";
				CLANG_ENABLE_MODULES = YES;
				CLANG_ENABLE_OBJC_ARC = YES;
				CLANG_ENABLE_OBJC_WEAK = YES;
				CLANG_WARN_BLOCK_CAPTURE_AUTORELEASING = YES;
				CLANG_WARN_BOOL_CONVERSION = YES;
				CLANG_WARN_COMMA = YES;
				CLANG_WARN_CONSTANT_CONVERSION = YES;
				CLANG_WARN_DEPRECATED_OBJC_IMPLEMENTATIONS = YES;
				CLANG_WARN_DIRECT_OBJC_ISA_USAGE = YES_ERROR;
				CLANG_WARN_DOCUMENTATION_COMMENTS = YES;
				CLANG_WARN_EMPTY_BODY = YES;
				CLANG_WARN_ENUM_CONVERSION = YES;
				CLANG_WARN_INFINITE_RECURSION = YES;
				CLANG_WARN_INT_CONVERSION = YES;
				CLANG_WARN_NON_LITERAL_NULL_CONVERSION = YES;
				CLANG_WARN_OBJC_IMPLICIT_RETAIN_SELF = YES;
				CLANG_WARN_OBJC_LITERAL_CONVERSION = YES;
				CLANG_WARN_OBJC_ROOT_CLASS = YES_ERROR;
				CLANG_WARN_QUOTED_INCLUDE_IN_FRAMEWORK_HEADER = YES;
				CLANG_WARN_RANGE_LOOP_ANALYSIS = YES;
				CLANG_WARN_STRICT_PROTOTYPES = YES;
				CLANG_WARN_SUSPICIOUS_MOVE = YES;
				CLANG_WARN_UNGUARDED_AVAILABILITY = YES_AGGRESSIVE;
				CLANG_WARN_UNREACHABLE_CODE = YES;
				CLANG_WARN__DUPLICATE_METHOD_MATCH = YES;
				COPY_PHASE_STRIP = NO;
				DEBUG_INFORMATION_FORMAT = "dwarf-with-dsym";
				ENABLE_NS_ASSERTIONS = NO;
				ENABLE_STRICT_OBJC_MSGSEND = YES;
				ENABLE_USER_SCRIPT_SANDBOXING = YES;
				GCC_C_LANGUAGE_STANDARD = gnu17;
				GCC_NO_COMMON_BLOCKS = YES;
				GCC_WARN_64_TO_32_BIT_CONVERSION = YES;
				GCC_WARN_ABOUT_RETURN_TYPE = YES_ERROR;
				GCC_WARN_UNDECLARED_SELECTOR = YES;
				GCC_WARN_UNINITIALIZED_AUTOS = YES_AGGRESSIVE;
				GCC_WARN_UNUSED_FUNCTION = YES;
				GCC_WARN_UNUSED_VARIABLE = YES;
				IPHONEOS_DEPLOYMENT_TARGET = 17.4;
				LOCALIZATION_PREFERS_STRING_CATALOGS = YES;
				MTL_ENABLE_DEBUG_INFO = NO;
				MTL_FAST_MATH = YES;
				SDKROOT = iphoneos;
				SWIFT_COMPILATION_MODE = wholemodule;
				VALIDATE_PRODUCT = YES;
			};
			name = Release;
		};
		BB46517A2BCD807B0059AE63 /* Debug */ = {
			isa = XCBuildConfiguration;
			buildSettings = {
				ASSETCATALOG_COMPILER_APPICON_NAME = AppIcon;
				ASSETCATALOG_COMPILER_GLOBAL_ACCENT_COLOR_NAME = AccentColor;
				CODE_SIGN_STYLE = Automatic;
				CURRENT_PROJECT_VERSION = 1;
				DEVELOPMENT_ASSET_PATHS = "\"ImageCarousel/Preview Content\"";
				DEVELOPMENT_TEAM = 6TANT9Q6N2;
				ENABLE_PREVIEWS = YES;
				GENERATE_INFOPLIST_FILE = YES;
				INFOPLIST_KEY_UIApplicationSceneManifest_Generation = YES;
				INFOPLIST_KEY_UIApplicationSupportsIndirectInputEvents = YES;
				INFOPLIST_KEY_UILaunchScreen_Generation = YES;
				INFOPLIST_KEY_UILaunchStoryboardName = "Launch Screen.storyboard";
				INFOPLIST_KEY_UISupportedInterfaceOrientations_iPad = "UIInterfaceOrientationPortrait UIInterfaceOrientationPortraitUpsideDown UIInterfaceOrientationLandscapeLeft UIInterfaceOrientationLandscapeRight";
				INFOPLIST_KEY_UISupportedInterfaceOrientations_iPhone = "UIInterfaceOrientationPortrait UIInterfaceOrientationLandscapeLeft UIInterfaceOrientationLandscapeRight";
				LD_RUNPATH_SEARCH_PATHS = (
					"$(inherited)",
					"@executable_path/Frameworks",
				);
				MARKETING_VERSION = 1.0;
				PRODUCT_BUNDLE_IDENTIFIER = com.mauro.ImageCarousel;
				PRODUCT_NAME = "$(TARGET_NAME)";
				SWIFT_EMIT_LOC_STRINGS = YES;
				SWIFT_VERSION = 5.0;
				TARGETED_DEVICE_FAMILY = "1,2";
			};
			name = Debug;
		};
		BB46517B2BCD807B0059AE63 /* Release */ = {
			isa = XCBuildConfiguration;
			buildSettings = {
				ASSETCATALOG_COMPILER_APPICON_NAME = AppIcon;
				ASSETCATALOG_COMPILER_GLOBAL_ACCENT_COLOR_NAME = AccentColor;
				CODE_SIGN_STYLE = Automatic;
				CURRENT_PROJECT_VERSION = 1;
				DEVELOPMENT_ASSET_PATHS = "\"ImageCarousel/Preview Content\"";
				DEVELOPMENT_TEAM = 6TANT9Q6N2;
				ENABLE_PREVIEWS = YES;
				GENERATE_INFOPLIST_FILE = YES;
				INFOPLIST_KEY_UIApplicationSceneManifest_Generation = YES;
				INFOPLIST_KEY_UIApplicationSupportsIndirectInputEvents = YES;
				INFOPLIST_KEY_UILaunchScreen_Generation = YES;
				INFOPLIST_KEY_UILaunchStoryboardName = "Launch Screen.storyboard";
				INFOPLIST_KEY_UISupportedInterfaceOrientations_iPad = "UIInterfaceOrientationPortrait UIInterfaceOrientationPortraitUpsideDown UIInterfaceOrientationLandscapeLeft UIInterfaceOrientationLandscapeRight";
				INFOPLIST_KEY_UISupportedInterfaceOrientations_iPhone = "UIInterfaceOrientationPortrait UIInterfaceOrientationLandscapeLeft UIInterfaceOrientationLandscapeRight";
				LD_RUNPATH_SEARCH_PATHS = (
					"$(inherited)",
					"@executable_path/Frameworks",
				);
				MARKETING_VERSION = 1.0;
				PRODUCT_BUNDLE_IDENTIFIER = com.mauro.ImageCarousel;
				PRODUCT_NAME = "$(TARGET_NAME)";
				SWIFT_EMIT_LOC_STRINGS = YES;
				SWIFT_VERSION = 5.0;
				TARGETED_DEVICE_FAMILY = "1,2";
			};
			name = Release;
		};
/* End XCBuildConfiguration section */

/* Begin XCConfigurationList section */
		BB4651662BCD807A0059AE63 /* Build configuration list for PBXProject "ImageCarousel" */ = {
			isa = XCConfigurationList;
			buildConfigurations = (
				BB4651772BCD807B0059AE63 /* Debug */,
				BB4651782BCD807B0059AE63 /* Release */,
			);
			defaultConfigurationIsVisible = 0;
			defaultConfigurationName = Release;
		};
		BB4651792BCD807B0059AE63 /* Build configuration list for PBXNativeTarget "ImageCarousel" */ = {
			isa = XCConfigurationList;
			buildConfigurations = (
				BB46517A2BCD807B0059AE63 /* Debug */,
				BB46517B2BCD807B0059AE63 /* Release */,
			);
			defaultConfigurationIsVisible = 0;
			defaultConfigurationName = Release;
		};
/* End XCConfigurationList section */
	};
	rootObject = BB4651632BCD807A0059AE63 /* Project object */;
}
